// !$*UTF8*$!
{
	archiveVersion = 1;
	classes = {
	};
	objectVersion = 50;
	objects = {

/* Begin PBXBuildFile section */
		F5028C9E21322AF10051C75A /* Extensions.swift in Sources */ = {isa = PBXBuildFile; fileRef = F5028C9D21322AF10051C75A /* Extensions.swift */; };
		F5028CA021322C500051C75A /* NetworkController.swift in Sources */ = {isa = PBXBuildFile; fileRef = F5028C9F21322C500051C75A /* NetworkController.swift */; };
		F5254AB4213330D000CFDB69 /* StateTableViewCell.swift in Sources */ = {isa = PBXBuildFile; fileRef = F5254AB3213330D000CFDB69 /* StateTableViewCell.swift */; };
		F588606021320D630017F389 /* AppDelegate.swift in Sources */ = {isa = PBXBuildFile; fileRef = F588605F21320D630017F389 /* AppDelegate.swift */; };
		F588606221320D630017F389 /* StatesViewController.swift in Sources */ = {isa = PBXBuildFile; fileRef = F588606121320D630017F389 /* StatesViewController.swift */; };
		F588606521320D640017F389 /* Main.storyboard in Resources */ = {isa = PBXBuildFile; fileRef = F588606321320D640017F389 /* Main.storyboard */; };
		F588606721320D690017F389 /* Assets.xcassets in Resources */ = {isa = PBXBuildFile; fileRef = F588606621320D690017F389 /* Assets.xcassets */; };
		F588606A21320D690017F389 /* LaunchScreen.storyboard in Resources */ = {isa = PBXBuildFile; fileRef = F588606821320D690017F389 /* LaunchScreen.storyboard */; };
		F5886078213210C50017F389 /* State.swift in Sources */ = {isa = PBXBuildFile; fileRef = F5886077213210C50017F389 /* State.swift */; };
		F588607A213210D50017F389 /* States.swift in Sources */ = {isa = PBXBuildFile; fileRef = F5886079213210D50017F389 /* States.swift */; };
		F588607C213210E40017F389 /* StateController.swift in Sources */ = {isa = PBXBuildFile; fileRef = F588607B213210E40017F389 /* StateController.swift */; };
		F588607E2132114B0017F389 /* Keys.swift in Sources */ = {isa = PBXBuildFile; fileRef = F588607D2132114B0017F389 /* Keys.swift */; };
		F5886080213220300017F389 /* DistanceConversion.swift in Sources */ = {isa = PBXBuildFile; fileRef = F588607F213220300017F389 /* DistanceConversion.swift */; };
		F5C9AFBC21326B6B00A8C569 /* BWCustomCell.framework in Frameworks */ = {isa = PBXBuildFile; fileRef = F5C9AFBB21326B5700A8C569 /* BWCustomCell.framework */; };
		F5C9AFBD21326B6B00A8C569 /* BWCustomCell.framework in Embed Frameworks */ = {isa = PBXBuildFile; fileRef = F5C9AFBB21326B5700A8C569 /* BWCustomCell.framework */; settings = {ATTRIBUTES = (CodeSignOnCopy, RemoveHeadersOnCopy, ); }; };
/* End PBXBuildFile section */

/* Begin PBXContainerItemProxy section */
		F5C9AFBA21326B5700A8C569 /* PBXContainerItemProxy */ = {
			isa = PBXContainerItemProxy;
			containerPortal = F5C9AFB621326B5600A8C569 /* BWCustomCell.xcodeproj */;
			proxyType = 2;
			remoteGlobalIDString = F5C9AFA7213269B900A8C569;
			remoteInfo = BWCustomCell;
		};
		F5C9AFBE21326B6B00A8C569 /* PBXContainerItemProxy */ = {
			isa = PBXContainerItemProxy;
			containerPortal = F5C9AFB621326B5600A8C569 /* BWCustomCell.xcodeproj */;
			proxyType = 1;
			remoteGlobalIDString = F5C9AFA6213269B900A8C569;
			remoteInfo = BWCustomCell;
		};
/* End PBXContainerItemProxy section */

/* Begin PBXCopyFilesBuildPhase section */
		F55DEAD821324F8C0074A194 /* Embed Frameworks */ = {
			isa = PBXCopyFilesBuildPhase;
			buildActionMask = 2147483647;
			dstPath = "";
			dstSubfolderSpec = 10;
			files = (
				F5C9AFBD21326B6B00A8C569 /* BWCustomCell.framework in Embed Frameworks */,
			);
			name = "Embed Frameworks";
			runOnlyForDeploymentPostprocessing = 0;
		};
/* End PBXCopyFilesBuildPhase section */

/* Begin PBXFileReference section */
		F5028C9D21322AF10051C75A /* Extensions.swift */ = {isa = PBXFileReference; lastKnownFileType = sourcecode.swift; path = Extensions.swift; sourceTree = "<group>"; };
		F5028C9F21322C500051C75A /* NetworkController.swift */ = {isa = PBXFileReference; lastKnownFileType = sourcecode.swift; path = NetworkController.swift; sourceTree = "<group>"; };
		F5254AAF21326CF600CFDB69 /* BWCustomCell.framework */ = {isa = PBXFileReference; lastKnownFileType = wrapper.framework; name = BWCustomCell.framework; path = ../BWCustomCell.framework; sourceTree = "<group>"; };
		F5254AB3213330D000CFDB69 /* StateTableViewCell.swift */ = {isa = PBXFileReference; lastKnownFileType = sourcecode.swift; path = StateTableViewCell.swift; sourceTree = "<group>"; };
		F588605C21320D630017F389 /* BBVABrianWeissberg.app */ = {isa = PBXFileReference; explicitFileType = wrapper.application; includeInIndex = 0; path = BBVABrianWeissberg.app; sourceTree = BUILT_PRODUCTS_DIR; };
		F588605F21320D630017F389 /* AppDelegate.swift */ = {isa = PBXFileReference; lastKnownFileType = sourcecode.swift; path = AppDelegate.swift; sourceTree = "<group>"; };
		F588606121320D630017F389 /* StatesViewController.swift */ = {isa = PBXFileReference; lastKnownFileType = sourcecode.swift; path = StatesViewController.swift; sourceTree = "<group>"; };
		F588606421320D640017F389 /* Base */ = {isa = PBXFileReference; lastKnownFileType = file.storyboard; name = Base; path = Base.lproj/Main.storyboard; sourceTree = "<group>"; };
		F588606621320D690017F389 /* Assets.xcassets */ = {isa = PBXFileReference; lastKnownFileType = folder.assetcatalog; path = Assets.xcassets; sourceTree = "<group>"; };
		F588606921320D690017F389 /* Base */ = {isa = PBXFileReference; lastKnownFileType = file.storyboard; name = Base; path = Base.lproj/LaunchScreen.storyboard; sourceTree = "<group>"; };
		F588606B21320D690017F389 /* Info.plist */ = {isa = PBXFileReference; lastKnownFileType = text.plist.xml; path = Info.plist; sourceTree = "<group>"; };
		F5886077213210C50017F389 /* State.swift */ = {isa = PBXFileReference; lastKnownFileType = sourcecode.swift; path = State.swift; sourceTree = "<group>"; };
		F5886079213210D50017F389 /* States.swift */ = {isa = PBXFileReference; lastKnownFileType = sourcecode.swift; path = States.swift; sourceTree = "<group>"; };
		F588607B213210E40017F389 /* StateController.swift */ = {isa = PBXFileReference; lastKnownFileType = sourcecode.swift; path = StateController.swift; sourceTree = "<group>"; };
		F588607D2132114B0017F389 /* Keys.swift */ = {isa = PBXFileReference; lastKnownFileType = sourcecode.swift; path = Keys.swift; sourceTree = "<group>"; };
		F588607F213220300017F389 /* DistanceConversion.swift */ = {isa = PBXFileReference; lastKnownFileType = sourcecode.swift; path = DistanceConversion.swift; sourceTree = "<group>"; };
		F5C9AFB621326B5600A8C569 /* BWCustomCell.xcodeproj */ = {isa = PBXFileReference; lastKnownFileType = "wrapper.pb-project"; name = BWCustomCell.xcodeproj; path = ../BWCustomCell/BWCustomCell.xcodeproj; sourceTree = "<group>"; };
/* End PBXFileReference section */

/* Begin PBXFrameworksBuildPhase section */
		F588605921320D630017F389 /* Frameworks */ = {
			isa = PBXFrameworksBuildPhase;
			buildActionMask = 2147483647;
			files = (
				F5C9AFBC21326B6B00A8C569 /* BWCustomCell.framework in Frameworks */,
			);
			runOnlyForDeploymentPostprocessing = 0;
		};
/* End PBXFrameworksBuildPhase section */

/* Begin PBXGroup section */
		F588605321320D630017F389 = {
			isa = PBXGroup;
			children = (
				F5254AAF21326CF600CFDB69 /* BWCustomCell.framework */,
				F5C9AFB621326B5600A8C569 /* BWCustomCell.xcodeproj */,
				F588605E21320D630017F389 /* BBVABrianWeissberg */,
				F588605D21320D630017F389 /* Products */,
			);
			sourceTree = "<group>";
		};
		F588605D21320D630017F389 /* Products */ = {
			isa = PBXGroup;
			children = (
				F588605C21320D630017F389 /* BBVABrianWeissberg.app */,
			);
			name = Products;
			sourceTree = "<group>";
		};
		F588605E21320D630017F389 /* BBVABrianWeissberg */ = {
			isa = PBXGroup;
			children = (
				F5886071213210450017F389 /* Models */,
				F58860722132104C0017F389 /* Model Controller */,
				F5886073213210530017F389 /* View Controllers */,
				F5886076213210650017F389 /* Storyboards */,
				F58860752132105F0017F389 /* Helpers */,
				F58860742132105A0017F389 /* Resources */,
			);
			path = BBVABrianWeissberg;
			sourceTree = "<group>";
		};
		F5886071213210450017F389 /* Models */ = {
			isa = PBXGroup;
			children = (
				F5886077213210C50017F389 /* State.swift */,
				F5886079213210D50017F389 /* States.swift */,
			);
			path = Models;
			sourceTree = "<group>";
		};
		F58860722132104C0017F389 /* Model Controller */ = {
			isa = PBXGroup;
			children = (
				F588607B213210E40017F389 /* StateController.swift */,
			);
			path = "Model Controller";
			sourceTree = "<group>";
		};
		F5886073213210530017F389 /* View Controllers */ = {
			isa = PBXGroup;
			children = (
				F588606121320D630017F389 /* StatesViewController.swift */,
				F5254AB3213330D000CFDB69 /* StateTableViewCell.swift */,
			);
			path = "View Controllers";
			sourceTree = "<group>";
		};
		F58860742132105A0017F389 /* Resources */ = {
			isa = PBXGroup;
			children = (
				F588606B21320D690017F389 /* Info.plist */,
				F588606621320D690017F389 /* Assets.xcassets */,
				F588605F21320D630017F389 /* AppDelegate.swift */,
			);
			path = Resources;
			sourceTree = "<group>";
		};
		F58860752132105F0017F389 /* Helpers */ = {
			isa = PBXGroup;
			children = (
				F588607D2132114B0017F389 /* Keys.swift */,
				F588607F213220300017F389 /* DistanceConversion.swift */,
				F5028C9D21322AF10051C75A /* Extensions.swift */,
				F5028C9F21322C500051C75A /* NetworkController.swift */,
			);
			path = Helpers;
			sourceTree = "<group>";
		};
		F5886076213210650017F389 /* Storyboards */ = {
			isa = PBXGroup;
			children = (
				F588606321320D640017F389 /* Main.storyboard */,
				F588606821320D690017F389 /* LaunchScreen.storyboard */,
			);
			path = Storyboards;
			sourceTree = "<group>";
		};
		F5C9AFB721326B5600A8C569 /* Products */ = {
			isa = PBXGroup;
			children = (
				F5C9AFBB21326B5700A8C569 /* BWCustomCell.framework */,
			);
			name = Products;
			sourceTree = "<group>";
		};
/* End PBXGroup section */

/* Begin PBXNativeTarget section */
		F588605B21320D630017F389 /* BBVABrianWeissberg */ = {
			isa = PBXNativeTarget;
			buildConfigurationList = F588606E21320D690017F389 /* Build configuration list for PBXNativeTarget "BBVABrianWeissberg" */;
			buildPhases = (
				F588605821320D630017F389 /* Sources */,
				F588605921320D630017F389 /* Frameworks */,
				F588605A21320D630017F389 /* Resources */,
				F55DEAD821324F8C0074A194 /* Embed Frameworks */,
			);
			buildRules = (
			);
			dependencies = (
				F5C9AFBF21326B6B00A8C569 /* PBXTargetDependency */,
			);
			name = BBVABrianWeissberg;
			productName = BBVABrianWeissberg;
			productReference = F588605C21320D630017F389 /* BBVABrianWeissberg.app */;
			productType = "com.apple.product-type.application";
		};
/* End PBXNativeTarget section */

/* Begin PBXProject section */
		F588605421320D630017F389 /* Project object */ = {
			isa = PBXProject;
			attributes = {
				LastSwiftUpdateCheck = 0940;
				LastUpgradeCheck = 0940;
				ORGANIZATIONNAME = "Brian Weissberg";
				TargetAttributes = {
					F588605B21320D630017F389 = {
						CreatedOnToolsVersion = 9.4.1;
					};
				};
			};
			buildConfigurationList = F588605721320D630017F389 /* Build configuration list for PBXProject "BBVABrianWeissberg" */;
			compatibilityVersion = "Xcode 9.3";
			developmentRegion = en;
			hasScannedForEncodings = 0;
			knownRegions = (
				en,
				Base,
			);
			mainGroup = F588605321320D630017F389;
			productRefGroup = F588605D21320D630017F389 /* Products */;
			projectDirPath = "";
			projectReferences = (
				{
					ProductGroup = F5C9AFB721326B5600A8C569 /* Products */;
					ProjectRef = F5C9AFB621326B5600A8C569 /* BWCustomCell.xcodeproj */;
				},
			);
			projectRoot = "";
			targets = (
				F588605B21320D630017F389 /* BBVABrianWeissberg */,
			);
		};
/* End PBXProject section */

/* Begin PBXReferenceProxy section */
		F5C9AFBB21326B5700A8C569 /* BWCustomCell.framework */ = {
			isa = PBXReferenceProxy;
			fileType = wrapper.framework;
			path = BWCustomCell.framework;
			remoteRef = F5C9AFBA21326B5700A8C569 /* PBXContainerItemProxy */;
			sourceTree = BUILT_PRODUCTS_DIR;
		};
/* End PBXReferenceProxy section */

/* Begin PBXResourcesBuildPhase section */
		F588605A21320D630017F389 /* Resources */ = {
			isa = PBXResourcesBuildPhase;
			buildActionMask = 2147483647;
			files = (
				F588606A21320D690017F389 /* LaunchScreen.storyboard in Resources */,
				F588606721320D690017F389 /* Assets.xcassets in Resources */,
				F588606521320D640017F389 /* Main.storyboard in Resources */,
			);
			runOnlyForDeploymentPostprocessing = 0;
		};
/* End PBXResourcesBuildPhase section */

/* Begin PBXSourcesBuildPhase section */
		F588605821320D630017F389 /* Sources */ = {
			isa = PBXSourcesBuildPhase;
			buildActionMask = 2147483647;
			files = (
				F588606221320D630017F389 /* StatesViewController.swift in Sources */,
				F588607E2132114B0017F389 /* Keys.swift in Sources */,
				F588606021320D630017F389 /* AppDelegate.swift in Sources */,
				F5028C9E21322AF10051C75A /* Extensions.swift in Sources */,
				F5886078213210C50017F389 /* State.swift in Sources */,
				F588607A213210D50017F389 /* States.swift in Sources */,
				F5886080213220300017F389 /* DistanceConversion.swift in Sources */,
				F5254AB4213330D000CFDB69 /* StateTableViewCell.swift in Sources */,
				F588607C213210E40017F389 /* StateController.swift in Sources */,
				F5028CA021322C500051C75A /* NetworkController.swift in Sources */,
			);
			runOnlyForDeploymentPostprocessing = 0;
		};
/* End PBXSourcesBuildPhase section */

/* Begin PBXTargetDependency section */
		F5C9AFBF21326B6B00A8C569 /* PBXTargetDependency */ = {
			isa = PBXTargetDependency;
			name = BWCustomCell;
			targetProxy = F5C9AFBE21326B6B00A8C569 /* PBXContainerItemProxy */;
		};
/* End PBXTargetDependency section */

/* Begin PBXVariantGroup section */
		F588606321320D640017F389 /* Main.storyboard */ = {
			isa = PBXVariantGroup;
			children = (
				F588606421320D640017F389 /* Base */,
			);
			name = Main.storyboard;
			sourceTree = "<group>";
		};
		F588606821320D690017F389 /* LaunchScreen.storyboard */ = {
			isa = PBXVariantGroup;
			children = (
				F588606921320D690017F389 /* Base */,
			);
			name = LaunchScreen.storyboard;
			sourceTree = "<group>";
		};
/* End PBXVariantGroup section */

/* Begin XCBuildConfiguration section */
		F588606C21320D690017F389 /* Debug */ = {
			isa = XCBuildConfiguration;
			buildSettings = {
				ALWAYS_SEARCH_USER_PATHS = NO;
				CLANG_ANALYZER_NONNULL = YES;
				CLANG_ANALYZER_NUMBER_OBJECT_CONVERSION = YES_AGGRESSIVE;
				CLANG_CXX_LANGUAGE_STANDARD = "gnu++14";
				CLANG_CXX_LIBRARY = "libc++";
				CLANG_ENABLE_MODULES = YES;
				CLANG_ENABLE_OBJC_ARC = YES;
				CLANG_ENABLE_OBJC_WEAK = YES;
				CLANG_WARN_BLOCK_CAPTURE_AUTORELEASING = YES;
				CLANG_WARN_BOOL_CONVERSION = YES;
				CLANG_WARN_COMMA = YES;
				CLANG_WARN_CONSTANT_CONVERSION = YES;
				CLANG_WARN_DEPRECATED_OBJC_IMPLEMENTATIONS = YES;
				CLANG_WARN_DIRECT_OBJC_ISA_USAGE = YES_ERROR;
				CLANG_WARN_DOCUMENTATION_COMMENTS = YES;
				CLANG_WARN_EMPTY_BODY = YES;
				CLANG_WARN_ENUM_CONVERSION = YES;
				CLANG_WARN_INFINITE_RECURSION = YES;
				CLANG_WARN_INT_CONVERSION = YES;
				CLANG_WARN_NON_LITERAL_NULL_CONVERSION = YES;
				CLANG_WARN_OBJC_IMPLICIT_RETAIN_SELF = YES;
				CLANG_WARN_OBJC_LITERAL_CONVERSION = YES;
				CLANG_WARN_OBJC_ROOT_CLASS = YES_ERROR;
				CLANG_WARN_RANGE_LOOP_ANALYSIS = YES;
				CLANG_WARN_STRICT_PROTOTYPES = YES;
				CLANG_WARN_SUSPICIOUS_MOVE = YES;
				CLANG_WARN_UNGUARDED_AVAILABILITY = YES_AGGRESSIVE;
				CLANG_WARN_UNREACHABLE_CODE = YES;
				CLANG_WARN__DUPLICATE_METHOD_MATCH = YES;
				CODE_SIGN_IDENTITY = "iPhone Developer";
				COPY_PHASE_STRIP = NO;
				DEBUG_INFORMATION_FORMAT = dwarf;
				ENABLE_STRICT_OBJC_MSGSEND = YES;
				ENABLE_TESTABILITY = YES;
				GCC_C_LANGUAGE_STANDARD = gnu11;
				GCC_DYNAMIC_NO_PIC = NO;
				GCC_NO_COMMON_BLOCKS = YES;
				GCC_OPTIMIZATION_LEVEL = 0;
				GCC_PREPROCESSOR_DEFINITIONS = (
					"DEBUG=1",
					"$(inherited)",
				);
				GCC_WARN_64_TO_32_BIT_CONVERSION = YES;
				GCC_WARN_ABOUT_RETURN_TYPE = YES_ERROR;
				GCC_WARN_UNDECLARED_SELECTOR = YES;
				GCC_WARN_UNINITIALIZED_AUTOS = YES_AGGRESSIVE;
				GCC_WARN_UNUSED_FUNCTION = YES;
				GCC_WARN_UNUSED_VARIABLE = YES;
				IPHONEOS_DEPLOYMENT_TARGET = 11.4;
				MTL_ENABLE_DEBUG_INFO = YES;
				ONLY_ACTIVE_ARCH = YES;
				SDKROOT = iphoneos;
				SWIFT_ACTIVE_COMPILATION_CONDITIONS = DEBUG;
				SWIFT_OPTIMIZATION_LEVEL = "-Onone";
			};
			name = Debug;
		};
		F588606D21320D690017F389 /* Release */ = {
			isa = XCBuildConfiguration;
			buildSettings = {
				ALWAYS_SEARCH_USER_PATHS = NO;
				CLANG_ANALYZER_NONNULL = YES;
				CLANG_ANALYZER_NUMBER_OBJECT_CONVERSION = YES_AGGRESSIVE;
				CLANG_CXX_LANGUAGE_STANDARD = "gnu++14";
				CLANG_CXX_LIBRARY = "libc++";
				CLANG_ENABLE_MODULES = YES;
				CLANG_ENABLE_OBJC_ARC = YES;
				CLANG_ENABLE_OBJC_WEAK = YES;
				CLANG_WARN_BLOCK_CAPTURE_AUTORELEASING = YES;
				CLANG_WARN_BOOL_CONVERSION = YES;
				CLANG_WARN_COMMA = YES;
				CLANG_WARN_CONSTANT_CONVERSION = YES;
				CLANG_WARN_DEPRECATED_OBJC_IMPLEMENTATIONS = YES;
				CLANG_WARN_DIRECT_OBJC_ISA_USAGE = YES_ERROR;
				CLANG_WARN_DOCUMENTATION_COMMENTS = YES;
				CLANG_WARN_EMPTY_BODY = YES;
				CLANG_WARN_ENUM_CONVERSION = YES;
				CLANG_WARN_INFINITE_RECURSION = YES;
				CLANG_WARN_INT_CONVERSION = YES;
				CLANG_WARN_NON_LITERAL_NULL_CONVERSION = YES;
				CLANG_WARN_OBJC_IMPLICIT_RETAIN_SELF = YES;
				CLANG_WARN_OBJC_LITERAL_CONVERSION = YES;
				CLANG_WARN_OBJC_ROOT_CLASS = YES_ERROR;
				CLANG_WARN_RANGE_LOOP_ANALYSIS = YES;
				CLANG_WARN_STRICT_PROTOTYPES = YES;
				CLANG_WARN_SUSPICIOUS_MOVE = YES;
				CLANG_WARN_UNGUARDED_AVAILABILITY = YES_AGGRESSIVE;
				CLANG_WARN_UNREACHABLE_CODE = YES;
				CLANG_WARN__DUPLICATE_METHOD_MATCH = YES;
				CODE_SIGN_IDENTITY = "iPhone Developer";
				COPY_PHASE_STRIP = NO;
				DEBUG_INFORMATION_FORMAT = "dwarf-with-dsym";
				ENABLE_NS_ASSERTIONS = NO;
				ENABLE_STRICT_OBJC_MSGSEND = YES;
				GCC_C_LANGUAGE_STANDARD = gnu11;
				GCC_NO_COMMON_BLOCKS = YES;
				GCC_WARN_64_TO_32_BIT_CONVERSION = YES;
				GCC_WARN_ABOUT_RETURN_TYPE = YES_ERROR;
				GCC_WARN_UNDECLARED_SELECTOR = YES;
				GCC_WARN_UNINITIALIZED_AUTOS = YES_AGGRESSIVE;
				GCC_WARN_UNUSED_FUNCTION = YES;
				GCC_WARN_UNUSED_VARIABLE = YES;
				IPHONEOS_DEPLOYMENT_TARGET = 11.4;
				MTL_ENABLE_DEBUG_INFO = NO;
				SDKROOT = iphoneos;
				SWIFT_COMPILATION_MODE = wholemodule;
				SWIFT_OPTIMIZATION_LEVEL = "-O";
				VALIDATE_PRODUCT = YES;
			};
			name = Release;
		};
		F588606F21320D690017F389 /* Debug */ = {
			isa = XCBuildConfiguration;
			buildSettings = {
				ALWAYS_EMBED_SWIFT_STANDARD_LIBRARIES = YES;
				ASSETCATALOG_COMPILER_APPICON_NAME = AppIcon;
				CODE_SIGN_STYLE = Automatic;
				DEVELOPMENT_TEAM = RQ8LK92JZ2;
				INFOPLIST_FILE = "$(SRCROOT)/BBVABrianWeissberg/Resources/Info.plist";
				LD_RUNPATH_SEARCH_PATHS = (
					"$(inherited)",
					"@executable_path/Frameworks",
				);
				PRODUCT_BUNDLE_IDENTIFIER = com.brianweissberg.BBVABrianWeissberg;
				PRODUCT_NAME = "$(TARGET_NAME)";
				SWIFT_VERSION = 4.0;
				TARGETED_DEVICE_FAMILY = 1;
			};
			name = Debug;
		};
		F588607021320D690017F389 /* Release */ = {
			isa = XCBuildConfiguration;
			buildSettings = {
				ALWAYS_EMBED_SWIFT_STANDARD_LIBRARIES = YES;
				ASSETCATALOG_COMPILER_APPICON_NAME = AppIcon;
				CODE_SIGN_STYLE = Automatic;
				DEVELOPMENT_TEAM = RQ8LK92JZ2;
				INFOPLIST_FILE = "$(SRCROOT)/BBVABrianWeissberg/Resources/Info.plist";
				LD_RUNPATH_SEARCH_PATHS = (
					"$(inherited)",
					"@executable_path/Frameworks",
				);
				PRODUCT_BUNDLE_IDENTIFIER = com.brianweissberg.BBVABrianWeissberg;
				PRODUCT_NAME = "$(TARGET_NAME)";
				SWIFT_VERSION = 4.0;
				TARGETED_DEVICE_FAMILY = 1;
			};
			name = Release;
		};
/* End XCBuildConfiguration section */

/* Begin XCConfigurationList section */
		F588605721320D630017F389 /* Build configuration list for PBXProject "BBVABrianWeissberg" */ = {
			isa = XCConfigurationList;
			buildConfigurations = (
				F588606C21320D690017F389 /* Debug */,
				F588606D21320D690017F389 /* Release */,
			);
			defaultConfigurationIsVisible = 0;
			defaultConfigurationName = Release;
		};
		F588606E21320D690017F389 /* Build configuration list for PBXNativeTarget "BBVABrianWeissberg" */ = {
			isa = XCConfigurationList;
			buildConfigurations = (
				F588606F21320D690017F389 /* Debug */,
				F588607021320D690017F389 /* Release */,
			);
			defaultConfigurationIsVisible = 0;
			defaultConfigurationName = Release;
		};
/* End XCConfigurationList section */
	};
	rootObject = F588605421320D630017F389 /* Project object */;
}
